
Microsoft Visual Studio Solution File, Format Version 12.00
# Visual Studio Version 17
VisualStudioVersion = 17.6.33829.357
MinimumVisualStudioVersion = 10.0.40219.1
Project("{FAE04EC0-301F-11D3-BF4B-00C04F79EFBC}") = "ChartAcceptorApi", "ChartAcceptorApi\ChartAcceptorApi.csproj", "{50B50A94-55B0-4A61-9932-B7EC30DB637E}"
EndProject
Global
	GlobalSection(SolutionConfigurationPlatforms) = preSolution
		Debug|Any CPU = Debug|Any CPU
		Release|Any CPU = Release|Any CPU
	EndGlobalSection
	GlobalSection(ProjectConfigurationPlatforms) = postSolution
		{50B50A94-55B0-4A61-9932-B7EC30DB637E}.Debug|Any CPU.ActiveCfg = Debug|Any CPU
		{50B50A94-55B0-4A61-9932-B7EC30DB637E}.Debug|Any CPU.Build.0 = Debug|Any CPU
		{50B50A94-55B0-4A61-9932-B7EC30DB637E}.Release|Any CPU.ActiveCfg = Release|Any CPU
		{50B50A94-55B0-4A61-9932-B7EC30DB637E}.Release|Any CPU.Build.0 = Release|Any CPU
	EndGlobalSection
	GlobalSection(SolutionProperties) = preSolution
		HideSolutionNode = FALSE
	EndGlobalSection
	GlobalSection(ExtensibilityGlobals) = postSolution
		SolutionGuid = {092C4B66-A952-4B22-A37F-4CE8D55D1B94}
	EndGlobalSection
EndGlobal
